Microsoft Visual Studio Solution File, Format Version 12.00
# Visual Studio Version 18
VisualStudioVersion = 18.9.12120.119
MinimumVisualStudioVersion = 10.0.40219.1
Project("{FAE04EC0-301F-11D3-BF4B-00C04F79EFBC}") = "RemoteFile", "RemoteFile\RemoteFile.csproj", "{A006BFAB-20F7-4F42-8B5F-591268ACE836}"
EndProject
Project("{2150E333-8FDC-42A3-9474-1A3956D46DE8}") = "tests", "tests", "{856DF77E-EB78-45EB-836F-50C3B017B4C2}"
EndProject
Project("{FAE04EC0-301F-11D3-BF4B-00C04F79EFBC}") = "RemoteFile.UnitTests", "RemoteFile.UnitTests\RemoteFile.UnitTests.csproj", "{2769EBA9-6C62-4409-B637-FFA86E23749E}"
EndProject
Project("{FAE04EC0-301F-11D3-BF4B-00C04F79EFBC}") = "RemoteFileTypeHandlers", "RemoteFileTypeHandlers\RemoteFileTypeHandlers.csproj", "{4C3EC205-FFD6-4642-AF50-05487C1CD7EF}"
EndProject
Project("{2150E333-8FDC-42A3-9474-1A3956D46DE8}") = "extension-packages", "extension-packages", "{B7BFB7BF-A3CA-4096-9C19-D694AF625EDF}"
EndProject
Project("{2150E333-8FDC-42A3-9474-1A3956D46DE8}") = "RFDER", "RFDER", "{E70ABB89-AFE4-46A4-94AE-2F005674B1A2}"
EndProject
Project("{FAE04EC0-301F-11D3-BF4B-00C04F79EFBC}") = "RemoteFile.RFDER.Client", "extension-packages\RFDER\RemoteFile.RFDER\RemoteFile.RFDER.Client.csproj", "{7F657F8A-848B-BCB5-7E17-6FC1DA1249CE}"
EndProject
Project("{FAE04EC0-301F-11D3-BF4B-00C04F79EFBC}") = "RemoteFile.RFDER.Handlers", "extension-packages\RFDER\RemoteFile.RFDER.Handlers\RemoteFile.RFDER.Handlers.csproj", "{1B2C3D4E-0001-4A00-9A00-1234567890AB}"
EndProject
Project("{2150E333-8FDC-42A3-9474-1A3956D46DE8}") = "RFJKS", "RFJKS", "{CD5FF4E2-2D7C-4E52-9568-2DE7D00F6751}"
EndProject
Project("{FAE04EC0-301F-11D3-BF4B-00C04F79EFBC}") = "RemoteFile.RFJKS.Client", "extension-packages\RFJKS\RemoteFile.RFJKS\RemoteFile.RFJKS.Client.csproj", "{5E856996-BB56-55DE-770A-EA31306313DF}"
EndProject
Project("{FAE04EC0-301F-11D3-BF4B-00C04F79EFBC}") = "RemoteFile.RFJKS.Handlers", "extension-packages\RFJKS\RemoteFile.RFJKS.Handlers\RemoteFile.RFJKS.Handlers.csproj", "{1B2C3D4E-0002-4A00-9A00-1234567890AB}"
EndProject
Project("{2150E333-8FDC-42A3-9474-1A3956D46DE8}") = "RFKDB", "RFKDB", "{2CC0BFA1-1EBA-430C-A555-9041B9CA9704}"
EndProject
Project("{FAE04EC0-301F-11D3-BF4B-00C04F79EFBC}") = "RemoteFile.RFKDB.Client", "extension-packages\RFKDB\RemoteFile.RFKDB\RemoteFile.RFKDB.Client.csproj", "{41249969-671B-3E63-43C0-A07D8052FB76}"
EndProject
Project("{FAE04EC0-301F-11D3-BF4B-00C04F79EFBC}") = "RemoteFile.RFKDB.Handlers", "extension-packages\RFKDB\RemoteFile.RFKDB.Handlers\RemoteFile.RFKDB.Handlers.csproj", "{1B2C3D4E-0003-4A00-9A00-1234567890AB}"
EndProject
Project("{2150E333-8FDC-42A3-9474-1A3956D46DE8}") = "RFORA", "RFORA", "{92FEC100-7627-42D8-9362-79107C1BAB41}"
EndProject
Project("{FAE04EC0-301F-11D3-BF4B-00C04F79EFBC}") = "RemoteFile.RFORA.Client", "extension-packages\RFORA\RemoteFile.RFORA\RemoteFile.RFORA.Client.csproj", "{D3EF0E2A-C762-65B8-8D1C-52FBE4E03112}"
EndProject
Project("{FAE04EC0-301F-11D3-BF4B-00C04F79EFBC}") = "RemoteFile.RFORA.Handlers", "extension-packages\RFORA\RemoteFile.RFORA.Handlers\RemoteFile.RFORA.Handlers.csproj", "{1B2C3D4E-0004-4A00-9A00-1234567890AB}"
EndProject
Project("{2150E333-8FDC-42A3-9474-1A3956D46DE8}") = "RFPEM", "RFPEM", "{AD3A5B51-20E7-42E9-8C15-9897907D161E}"
EndProject
Project("{FAE04EC0-301F-11D3-BF4B-00C04F79EFBC}") = "RemoteFile.RFPEM.Client", "extension-packages\RFPEM\RemoteFile.RFPEM\RemoteFile.RFPEM.Client.csproj", "{A0C20799-2C1D-EB83-85B2-95F926ECC05B}"
EndProject
Project("{FAE04EC0-301F-11D3-BF4B-00C04F79EFBC}") = "RemoteFile.RFPEM.Handlers", "extension-packages\RFPEM\RemoteFile.RFPEM.Handlers\RemoteFile.RFPEM.Handlers.csproj", "{1B2C3D4E-0005-4A00-9A00-1234567890AB}"
EndProject
Project("{2150E333-8FDC-42A3-9474-1A3956D46DE8}") = "RFPkcs12", "RFPkcs12", "{74F7B510-363B-4A7F-945A-BA7B399C0CA0}"
EndProject
Project("{FAE04EC0-301F-11D3-BF4B-00C04F79EFBC}") = "RemoteFile.RFPkcs12.Client", "extension-packages\RFPkcs12\RemoteFile.RFPkcs12\RemoteFile.RFPkcs12.Client.csproj", "{B46AA657-8113-1678-6295-5EC20EBB1648}"
EndProject
Project("{FAE04EC0-301F-11D3-BF4B-00C04F79EFBC}") = "RemoteFile.RFPkcs12.Handlers", "extension-packages\RFPkcs12\RemoteFile.RFPkcs12.Handlers\RemoteFile.RFPkcs12.Handlers.csproj", "{1B2C3D4E-0006-4A00-9A00-1234567890AB}"
EndProject
Project("{FAE04EC0-301F-11D3-BF4B-00C04F79EFBC}") = "RemoteFile.Packaging", "RemoteFile.Packaging.proj", "{3C4D5E6F-0001-4B00-9B00-2345678901BC}"
EndProject
Global
	GlobalSection(SolutionConfigurationPlatforms) = preSolution
		Debug|Any CPU = Debug|Any CPU
		Release|Any CPU = Release|Any CPU
	EndGlobalSection
	GlobalSection(ProjectConfigurationPlatforms) = postSolution
		{A006BFAB-20F7-4F42-8B5F-591268ACE836}.Debug|Any CPU.ActiveCfg = Debug|Any CPU
		{A006BFAB-20F7-4F42-8B5F-591268ACE836}.Debug|Any CPU.Build.0 = Debug|Any CPU
		{A006BFAB-20F7-4F42-8B5F-591268ACE836}.Release|Any CPU.ActiveCfg = Release|Any CPU
		{A006BFAB-20F7-4F42-8B5F-591268ACE836}.Release|Any CPU.Build.0 = Release|Any CPU
		{2769EBA9-6C62-4409-B637-FFA86E23749E}.Debug|Any CPU.ActiveCfg = Debug|Any CPU
		{2769EBA9-6C62-4409-B637-FFA86E23749E}.Debug|Any CPU.Build.0 = Debug|Any CPU
		{2769EBA9-6C62-4409-B637-FFA86E23749E}.Release|Any CPU.ActiveCfg = Release|Any CPU
		{2769EBA9-6C62-4409-B637-FFA86E23749E}.Release|Any CPU.Build.0 = Release|Any CPU
		{4C3EC205-FFD6-4642-AF50-05487C1CD7EF}.Debug|Any CPU.ActiveCfg = Debug|Any CPU
		{4C3EC205-FFD6-4642-AF50-05487C1CD7EF}.Debug|Any CPU.Build.0 = Debug|Any CPU
		{4C3EC205-FFD6-4642-AF50-05487C1CD7EF}.Release|Any CPU.ActiveCfg = Release|Any CPU
		{4C3EC205-FFD6-4642-AF50-05487C1CD7EF}.Release|Any CPU.Build.0 = Release|Any CPU
		{7F657F8A-848B-BCB5-7E17-6FC1DA1249CE}.Debug|Any CPU.ActiveCfg = Debug|Any CPU
		{7F657F8A-848B-BCB5-7E17-6FC1DA1249CE}.Release|Any CPU.ActiveCfg = Release|Any CPU
		{7F657F8A-848B-BCB5-7E17-6FC1DA1249CE}.Release|Any CPU.Build.0 = Release|Any CPU
		{1B2C3D4E-0001-4A00-9A00-1234567890AB}.Debug|Any CPU.ActiveCfg = Debug|Any CPU
		{1B2C3D4E-0001-4A00-9A00-1234567890AB}.Release|Any CPU.ActiveCfg = Release|Any CPU
		{1B2C3D4E-0001-4A00-9A00-1234567890AB}.Release|Any CPU.Build.0 = Release|Any CPU
		{5E856996-BB56-55DE-770A-EA31306313DF}.Debug|Any CPU.ActiveCfg = Debug|Any CPU
		{5E856996-BB56-55DE-770A-EA31306313DF}.Release|Any CPU.ActiveCfg = Release|Any CPU
		{5E856996-BB56-55DE-770A-EA31306313DF}.Release|Any CPU.Build.0 = Release|Any CPU
		{1B2C3D4E-0002-4A00-9A00-1234567890AB}.Debug|Any CPU.ActiveCfg = Debug|Any CPU
		{1B2C3D4E-0002-4A00-9A00-1234567890AB}.Release|Any CPU.ActiveCfg = Release|Any CPU
		{1B2C3D4E-0002-4A00-9A00-1234567890AB}.Release|Any CPU.Build.0 = Release|Any CPU
		{41249969-671B-3E63-43C0-A07D8052FB76}.Debug|Any CPU.ActiveCfg = Debug|Any CPU
		{41249969-671B-3E63-43C0-A07D8052FB76}.Release|Any CPU.ActiveCfg = Release|Any CPU
		{41249969-671B-3E63-43C0-A07D8052FB76}.Release|Any CPU.Build.0 = Release|Any CPU
		{1B2C3D4E-0003-4A00-9A00-1234567890AB}.Debug|Any CPU.ActiveCfg = Debug|Any CPU
		{1B2C3D4E-0003-4A00-9A00-1234567890AB}.Release|Any CPU.ActiveCfg = Release|Any CPU
		{1B2C3D4E-0003-4A00-9A00-1234567890AB}.Release|Any CPU.Build.0 = Release|Any CPU
		{D3EF0E2A-C762-65B8-8D1C-52FBE4E03112}.Debug|Any CPU.ActiveCfg = Debug|Any CPU
		{D3EF0E2A-C762-65B8-8D1C-52FBE4E03112}.Release|Any CPU.ActiveCfg = Release|Any CPU
		{D3EF0E2A-C762-65B8-8D1C-52FBE4E03112}.Release|Any CPU.Build.0 = Release|Any CPU
		{1B2C3D4E-0004-4A00-9A00-1234567890AB}.Debug|Any CPU.ActiveCfg = Debug|Any CPU
		{1B2C3D4E-0004-4A00-9A00-1234567890AB}.Release|Any CPU.ActiveCfg = Release|Any CPU
		{1B2C3D4E-0004-4A00-9A00-1234567890AB}.Release|Any CPU.Build.0 = Release|Any CPU
		{A0C20799-2C1D-EB83-85B2-95F926ECC05B}.Debug|Any CPU.ActiveCfg = Debug|Any CPU
		{A0C20799-2C1D-EB83-85B2-95F926ECC05B}.Release|Any CPU.ActiveCfg = Release|Any CPU
		{A0C20799-2C1D-EB83-85B2-95F926ECC05B}.Release|Any CPU.Build.0 = Release|Any CPU
		{1B2C3D4E-0005-4A00-9A00-1234567890AB}.Debug|Any CPU.ActiveCfg = Debug|Any CPU
		{1B2C3D4E-0005-4A00-9A00-1234567890AB}.Release|Any CPU.ActiveCfg = Release|Any CPU
		{1B2C3D4E-0005-4A00-9A00-1234567890AB}.Release|Any CPU.Build.0 = Release|Any CPU
		{B46AA657-8113-1678-6295-5EC20EBB1648}.Debug|Any CPU.ActiveCfg = Debug|Any CPU
		{B46AA657-8113-1678-6295-5EC20EBB1648}.Release|Any CPU.ActiveCfg = Release|Any CPU
		{B46AA657-8113-1678-6295-5EC20EBB1648}.Release|Any CPU.Build.0 = Release|Any CPU
		{1B2C3D4E-0006-4A00-9A00-1234567890AB}.Debug|Any CPU.ActiveCfg = Debug|Any CPU
		{1B2C3D4E-0006-4A00-9A00-1234567890AB}.Release|Any CPU.ActiveCfg = Release|Any CPU
		{1B2C3D4E-0006-4A00-9A00-1234567890AB}.Release|Any CPU.Build.0 = Release|Any CPU
		{3C4D5E6F-0001-4B00-9B00-2345678901BC}.Debug|Any CPU.ActiveCfg = Debug|Any CPU
		{3C4D5E6F-0001-4B00-9B00-2345678901BC}.Release|Any CPU.ActiveCfg = Release|Any CPU
		{3C4D5E6F-0001-4B00-9B00-2345678901BC}.Release|Any CPU.Build.0 = Release|Any CPU
	EndGlobalSection
	GlobalSection(SolutionProperties) = preSolution
		HideSolutionNode = FALSE
	EndGlobalSection
	GlobalSection(NestedProjects) = preSolution
		{2769EBA9-6C62-4409-B637-FFA86E23749E} = {856DF77E-EB78-45EB-836F-50C3B017B4C2}
		{E70ABB89-AFE4-46A4-94AE-2F005674B1A2} = {B7BFB7BF-A3CA-4096-9C19-D694AF625EDF}
		{7F657F8A-848B-BCB5-7E17-6FC1DA1249CE} = {E70ABB89-AFE4-46A4-94AE-2F005674B1A2}
		{1B2C3D4E-0001-4A00-9A00-1234567890AB} = {E70ABB89-AFE4-46A4-94AE-2F005674B1A2}
		{CD5FF4E2-2D7C-4E52-9568-2DE7D00F6751} = {B7BFB7BF-A3CA-4096-9C19-D694AF625EDF}
		{5E856996-BB56-55DE-770A-EA31306313DF} = {CD5FF4E2-2D7C-4E52-9568-2DE7D00F6751}
		{1B2C3D4E-0002-4A00-9A00-1234567890AB} = {CD5FF4E2-2D7C-4E52-9568-2DE7D00F6751}
		{2CC0BFA1-1EBA-430C-A555-9041B9CA9704} = {B7BFB7BF-A3CA-4096-9C19-D694AF625EDF}
		{41249969-671B-3E63-43C0-A07D8052FB76} = {2CC0BFA1-1EBA-430C-A555-9041B9CA9704}
		{1B2C3D4E-0003-4A00-9A00-1234567890AB} = {2CC0BFA1-1EBA-430C-A555-9041B9CA9704}
		{92FEC100-7627-42D8-9362-79107C1BAB41} = {B7BFB7BF-A3CA-4096-9C19-D694AF625EDF}
		{D3EF0E2A-C762-65B8-8D1C-52FBE4E03112} = {92FEC100-7627-42D8-9362-79107C1BAB41}
		{1B2C3D4E-0004-4A00-9A00-1234567890AB} = {92FEC100-7627-42D8-9362-79107C1BAB41}
		{AD3A5B51-20E7-42E9-8C15-9897907D161E} = {B7BFB7BF-A3CA-4096-9C19-D694AF625EDF}
		{A0C20799-2C1D-EB83-85B2-95F926ECC05B} = {AD3A5B51-20E7-42E9-8C15-9897907D161E}
		{1B2C3D4E-0005-4A00-9A00-1234567890AB} = {AD3A5B51-20E7-42E9-8C15-9897907D161E}
		{74F7B510-363B-4A7F-945A-BA7B399C0CA0} = {B7BFB7BF-A3CA-4096-9C19-D694AF625EDF}
		{B46AA657-8113-1678-6295-5EC20EBB1648} = {74F7B510-363B-4A7F-945A-BA7B399C0CA0}
		{1B2C3D4E-0006-4A00-9A00-1234567890AB} = {74F7B510-363B-4A7F-945A-BA7B399C0CA0}
		{3C4D5E6F-0001-4B00-9B00-2345678901BC} = {B7BFB7BF-A3CA-4096-9C19-D694AF625EDF}
	EndGlobalSection
	GlobalSection(ExtensibilityGlobals) = postSolution
		SolutionGuid = {8F3245C7-FCC9-4666-99E0-F8D63BBE8373}
	EndGlobalSection
EndGlobal
